// !$*UTF8*$!
{
	archiveVersion = 1;
	classes = {
	};
	objectVersion = 50;
	objects = {

/* Begin PBXBuildFile section */
		5B12E8D8236FFD2D00F17700 /* FinalViewController.swift in Sources */ = {isa = PBXBuildFile; fileRef = 5B12E8D7236FFD2D00F17700 /* FinalViewController.swift */; };
		5B67F16F23825B5100347043 /* Chasing Cars.mp3 in Resources */ = {isa = PBXBuildFile; fileRef = 5B67F16823825B4F00347043 /* Chasing Cars.mp3 */; };
		5B67F17023825B5100347043 /* Indigo.mp3 in Resources */ = {isa = PBXBuildFile; fileRef = 5B67F16923825B4F00347043 /* Indigo.mp3 */; };
		5B67F17123825B5100347043 /* Hold It Down.mp3 in Resources */ = {isa = PBXBuildFile; fileRef = 5B67F16A23825B4F00347043 /* Hold It Down.mp3 */; };
		5B67F17223825B5100347043 /* Sunkissed.mp3 in Resources */ = {isa = PBXBuildFile; fileRef = 5B67F16B23825B4F00347043 /* Sunkissed.mp3 */; };
		5B67F17323825B5100347043 /* Bohemian Rhapsody.mp3 in Resources */ = {isa = PBXBuildFile; fileRef = 5B67F16C23825B5000347043 /* Bohemian Rhapsody.mp3 */; };
		5B67F17423825B5100347043 /* Undrunk.mp3 in Resources */ = {isa = PBXBuildFile; fileRef = 5B67F16D23825B5000347043 /* Undrunk.mp3 */; };
		5B67F17523825B5100347043 /* Photosynthesis.mp3 in Resources */ = {isa = PBXBuildFile; fileRef = 5B67F16E23825B5100347043 /* Photosynthesis.mp3 */; };
		5B8F7FB12373AD6F00BC30A9 /* Good As Hell.mp3 in Resources */ = {isa = PBXBuildFile; fileRef = 5B8F7FA52373AD6B00BC30A9 /* Good As Hell.mp3 */; };
		5B8F7FB22373AD6F00BC30A9 /* Lose You To Love Me.mp3 in Resources */ = {isa = PBXBuildFile; fileRef = 5B8F7FA62373AD6C00BC30A9 /* Lose You To Love Me.mp3 */; };
		5B8F7FB32373AD6F00BC30A9 /* Kinfolks.mp3 in Resources */ = {isa = PBXBuildFile; fileRef = 5B8F7FA72373AD6C00BC30A9 /* Kinfolks.mp3 */; };
		5B8F7FB42373AD6F00BC30A9 /* Lose Control.mp3 in Resources */ = {isa = PBXBuildFile; fileRef = 5B8F7FA82373AD6C00BC30A9 /* Lose Control.mp3 */; };
		5B8F7FB52373AD6F00BC30A9 /* Never Seen The Rain.mp3 in Resources */ = {isa = PBXBuildFile; fileRef = 5B8F7FA92373AD6C00BC30A9 /* Never Seen The Rain.mp3 */; };
		5B8F7FB62373AD6F00BC30A9 /* All You Need To Know.mp3 in Resources */ = {isa = PBXBuildFile; fileRef = 5B8F7FAA2373AD6D00BC30A9 /* All You Need To Know.mp3 */; };
		5B8F7FB72373AD6F00BC30A9 /* Chelsea Cutler.mp3 in Resources */ = {isa = PBXBuildFile; fileRef = 5B8F7FAB2373AD6D00BC30A9 /* Chelsea Cutler.mp3 */; };
		5B8F7FB82373AD6F00BC30A9 /* Me Necesita.mp3 in Resources */ = {isa = PBXBuildFile; fileRef = 5B8F7FAC2373AD6D00BC30A9 /* Me Necesita.mp3 */; };
		5B8F7FB92373AD6F00BC30A9 /* Broke.mp3 in Resources */ = {isa = PBXBuildFile; fileRef = 5B8F7FAD2373AD6E00BC30A9 /* Broke.mp3 */; };
		5B8F7FBA2373AD6F00BC30A9 /* Easy.mp3 in Resources */ = {isa = PBXBuildFile; fileRef = 5B8F7FAE2373AD6E00BC30A9 /* Easy.mp3 */; };
		5B8F7FBB2373AD6F00BC30A9 /* Don't Start Now.mp3 in Resources */ = {isa = PBXBuildFile; fileRef = 5B8F7FAF2373AD6E00BC30A9 /* Don't Start Now.mp3 */; };
		5B8F7FBC2373AD6F00BC30A9 /* Find An Island.mp3 in Resources */ = {isa = PBXBuildFile; fileRef = 5B8F7FB02373AD6F00BC30A9 /* Find An Island.mp3 */; };
		5B8F7FD02373AD8400BC30A9 /* Straight Outta Compton.mp3 in Resources */ = {isa = PBXBuildFile; fileRef = 5B8F7FBD2373AD7E00BC30A9 /* Straight Outta Compton.mp3 */; };
		5B8F7FD12373AD8400BC30A9 /* Nameless.mp3 in Resources */ = {isa = PBXBuildFile; fileRef = 5B8F7FBE2373AD7E00BC30A9 /* Nameless.mp3 */; };
		5B8F7FD22373AD8400BC30A9 /* Panini.mp3 in Resources */ = {isa = PBXBuildFile; fileRef = 5B8F7FBF2373AD7E00BC30A9 /* Panini.mp3 */; };
		5B8F7FD32373AD8400BC30A9 /* Shut em Down.mp3 in Resources */ = {isa = PBXBuildFile; fileRef = 5B8F7FC02373AD7F00BC30A9 /* Shut em Down.mp3 */; };
		5B8F7FD42373AD8400BC30A9 /* Downtown.mp3 in Resources */ = {isa = PBXBuildFile; fileRef = 5B8F7FC12373AD7F00BC30A9 /* Downtown.mp3 */; };
		5B8F7FD52373AD8400BC30A9 /* God's Plan.mp3 in Resources */ = {isa = PBXBuildFile; fileRef = 5B8F7FC22373AD8000BC30A9 /* God's Plan.mp3 */; };
		5B8F7FD72373AD8400BC30A9 /* My Adidas.mp3 in Resources */ = {isa = PBXBuildFile; fileRef = 5B8F7FC42373AD8000BC30A9 /* My Adidas.mp3 */; };
		5B8F7FD82373AD8400BC30A9 /* Too Fast.mp3 in Resources */ = {isa = PBXBuildFile; fileRef = 5B8F7FC52373AD8000BC30A9 /* Too Fast.mp3 */; };
		5B8F7FD92373AD8400BC30A9 /* When I Grow Up.mp3 in Resources */ = {isa = PBXBuildFile; fileRef = 5B8F7FC62373AD8100BC30A9 /* When I Grow Up.mp3 */; };
		5B8F7FDA2373AD8400BC30A9 /* Immortal.mp3 in Resources */ = {isa = PBXBuildFile; fileRef = 5B8F7FC72373AD8100BC30A9 /* Immortal.mp3 */; };
		5B8F7FDB2373AD8400BC30A9 /* China Town.mp3 in Resources */ = {isa = PBXBuildFile; fileRef = 5B8F7FC82373AD8100BC30A9 /* China Town.mp3 */; };
		5B8F7FDC2373AD8400BC30A9 /* Big Tipper.mp3 in Resources */ = {isa = PBXBuildFile; fileRef = 5B8F7FC92373AD8200BC30A9 /* Big Tipper.mp3 */; };
		5B8F7FDE2373AD8400BC30A9 /* Raw Thoughts.mp3 in Resources */ = {isa = PBXBuildFile; fileRef = 5B8F7FCB2373AD8200BC30A9 /* Raw Thoughts.mp3 */; };
		5B8F7FDF2373AD8400BC30A9 /* I am the Greatest.mp3 in Resources */ = {isa = PBXBuildFile; fileRef = 5B8F7FCC2373AD8300BC30A9 /* I am the Greatest.mp3 */; };
		5B8F7FE02373AD8400BC30A9 /* Me You.mp3 in Resources */ = {isa = PBXBuildFile; fileRef = 5B8F7FCD2373AD8300BC30A9 /* Me You.mp3 */; };
		5B8F7FE12373AD8400BC30A9 /* Send It Up.mp3 in Resources */ = {isa = PBXBuildFile; fileRef = 5B8F7FCE2373AD8300BC30A9 /* Send It Up.mp3 */; };
		5B8F7FE22373AD8400BC30A9 /* Monster.mp3 in Resources */ = {isa = PBXBuildFile; fileRef = 5B8F7FCF2373AD8400BC30A9 /* Monster.mp3 */; };
		5B8F7FF22373AD8D00BC30A9 /* Beach House.mp3 in Resources */ = {isa = PBXBuildFile; fileRef = 5B8F7FE82373AD8C00BC30A9 /* Beach House.mp3 */; };
		5B8F7FF32373AD8D00BC30A9 /* Only You.mp3 in Resources */ = {isa = PBXBuildFile; fileRef = 5B8F7FE92373AD8C00BC30A9 /* Only You.mp3 */; };
		5B8F7FF42373AD8D00BC30A9 /* Rushing Back.mp3 in Resources */ = {isa = PBXBuildFile; fileRef = 5B8F7FEA2373AD8D00BC30A9 /* Rushing Back.mp3 */; };
		5B8F7FF62373AD8D00BC30A9 /* Right Now.mp3 in Resources */ = {isa = PBXBuildFile; fileRef = 5B8F7FEC2373AD8D00BC30A9 /* Right Now.mp3 */; };
		5B8F7FF92373AEE800BC30A9 /* Brass Monkey.mp3 in Resources */ = {isa = PBXBuildFile; fileRef = 5B8F7FF82373AEE700BC30A9 /* Brass Monkey.mp3 */; };
		5BA11718237B3E9100D3386D /* FeedbackViewController.swift in Sources */ = {isa = PBXBuildFile; fileRef = 5BA11717237B3E9100D3386D /* FeedbackViewController.swift */; };
		5BA1DA42237A37F300004F52 /* Lucky.mp3 in Resources */ = {isa = PBXBuildFile; fileRef = 5BA1DA41237A37F300004F52 /* Lucky.mp3 */; };
		5BA53ADA237A2A66007D79D0 /* Lose Yourself.mp3 in Resources */ = {isa = PBXBuildFile; fileRef = 5BA53AD9237A2A66007D79D0 /* Lose Yourself.mp3 */; };
		5BC1FC7F2366183400E59DCB /* SongViewController.swift in Sources */ = {isa = PBXBuildFile; fileRef = 5BC1FC7E2366183400E59DCB /* SongViewController.swift */; };
		5BC4E6482368E497009FBC88 /* Page.swift in Sources */ = {isa = PBXBuildFile; fileRef = 5BC4E6472368E496009FBC88 /* Page.swift */; };
		5BD73B622373F0F500B1A21B /* We Don't Care.mp3 in Resources */ = {isa = PBXBuildFile; fileRef = 5BD73B5D2373F0F500B1A21B /* We Don't Care.mp3 */; };
		5BD73B642373F0F500B1A21B /* Happier.mp3 in Resources */ = {isa = PBXBuildFile; fileRef = 5BD73B5F2373F0F500B1A21B /* Happier.mp3 */; };
		5BD73B652373F0F500B1A21B /* Spicy.mp3 in Resources */ = {isa = PBXBuildFile; fileRef = 5BD73B602373F0F500B1A21B /* Spicy.mp3 */; };
		5BD73B6A2373F14A00B1A21B /* Sweet Dreams.mp3 in Resources */ = {isa = PBXBuildFile; fileRef = 5BD73B672373F14A00B1A21B /* Sweet Dreams.mp3 */; };
		5BD73B6B2373F14A00B1A21B /* Trigger.mp3 in Resources */ = {isa = PBXBuildFile; fileRef = 5BD73B682373F14A00B1A21B /* Trigger.mp3 */; };
		5BD73B6C2373F14A00B1A21B /* All Around The World.mp3 in Resources */ = {isa = PBXBuildFile; fileRef = 5BD73B692373F14A00B1A21B /* All Around The World.mp3 */; };
		5BD73B6E2373F20800B1A21B /* We Got Love.mp3 in Resources */ = {isa = PBXBuildFile; fileRef = 5BD73B6D2373F20800B1A21B /* We Got Love.mp3 */; };
		5BD73B702373F21400B1A21B /* Something About You.mp3 in Resources */ = {isa = PBXBuildFile; fileRef = 5BD73B6F2373F21400B1A21B /* Something About You.mp3 */; };
		5BD73B722373F22D00B1A21B /* Flying On My Own.mp3 in Resources */ = {isa = PBXBuildFile; fileRef = 5BD73B712373F22D00B1A21B /* Flying On My Own.mp3 */; };
		5BD73B742373F24600B1A21B /* Colour.mp3 in Resources */ = {isa = PBXBuildFile; fileRef = 5BD73B732373F24600B1A21B /* Colour.mp3 */; };
		5BD73B762373F76E00B1A21B /* Beautiful Now.mp3 in Resources */ = {isa = PBXBuildFile; fileRef = 5BD73B752373F76E00B1A21B /* Beautiful Now.mp3 */; };
		5BE0F489235CEE440026B2DD /* AppDelegate.swift in Sources */ = {isa = PBXBuildFile; fileRef = 5BE0F488235CEE440026B2DD /* AppDelegate.swift */; };
		5BE0F48B235CEE440026B2DD /* SceneDelegate.swift in Sources */ = {isa = PBXBuildFile; fileRef = 5BE0F48A235CEE440026B2DD /* SceneDelegate.swift */; };
		5BE0F48D235CEE440026B2DD /* MainViewController.swift in Sources */ = {isa = PBXBuildFile; fileRef = 5BE0F48C235CEE440026B2DD /* MainViewController.swift */; };
		5BE0F492235CEE470026B2DD /* Assets.xcassets in Resources */ = {isa = PBXBuildFile; fileRef = 5BE0F491235CEE470026B2DD /* Assets.xcassets */; };
		5BE0F495235CEE470026B2DD /* LaunchScreen.storyboard in Resources */ = {isa = PBXBuildFile; fileRef = 5BE0F493235CEE470026B2DD /* LaunchScreen.storyboard */; };
		5BE0F49D235CEF3E0026B2DD /* LibraryViewController.swift in Sources */ = {isa = PBXBuildFile; fileRef = 5BE0F49C235CEF3E0026B2DD /* LibraryViewController.swift */; };
		5BE0F49F235CEF490026B2DD /* DiscoveryViewController.swift in Sources */ = {isa = PBXBuildFile; fileRef = 5BE0F49E235CEF490026B2DD /* DiscoveryViewController.swift */; };
		5BE0F4A2235CF3E70026B2DD /* Song.swift in Sources */ = {isa = PBXBuildFile; fileRef = 5BE0F4A0235CF3E70026B2DD /* Song.swift */; };
		5BE0F4A3235CF3E70026B2DD /* SongAPI.swift in Sources */ = {isa = PBXBuildFile; fileRef = 5BE0F4A1235CF3E70026B2DD /* SongAPI.swift */; };
		5BF44354236AA160002527F5 /* PageView.swift in Sources */ = {isa = PBXBuildFile; fileRef = 5BF44353236AA160002527F5 /* PageView.swift */; };
		5BF44356236AA43B002527F5 /* SwipeViewController.swift in Sources */ = {isa = PBXBuildFile; fileRef = 5BF44355236AA43B002527F5 /* SwipeViewController.swift */; };
/* End PBXBuildFile section */

/* Begin PBXFileReference section */
		5B12E8D7236FFD2D00F17700 /* FinalViewController.swift */ = {isa = PBXFileReference; lastKnownFileType = sourcecode.swift; path = FinalViewController.swift; sourceTree = "<group>"; };
		5B67F16823825B4F00347043 /* Chasing Cars.mp3 */ = {isa = PBXFileReference; lastKnownFileType = audio.mp3; path = "Chasing Cars.mp3"; sourceTree = "<group>"; };
		5B67F16923825B4F00347043 /* Indigo.mp3 */ = {isa = PBXFileReference; lastKnownFileType = audio.mp3; path = Indigo.mp3; sourceTree = "<group>"; };
		5B67F16A23825B4F00347043 /* Hold It Down.mp3 */ = {isa = PBXFileReference; lastKnownFileType = audio.mp3; path = "Hold It Down.mp3"; sourceTree = "<group>"; };
		5B67F16B23825B4F00347043 /* Sunkissed.mp3 */ = {isa = PBXFileReference; lastKnownFileType = audio.mp3; path = Sunkissed.mp3; sourceTree = "<group>"; };
		5B67F16C23825B5000347043 /* Bohemian Rhapsody.mp3 */ = {isa = PBXFileReference; lastKnownFileType = audio.mp3; path = "Bohemian Rhapsody.mp3"; sourceTree = "<group>"; };
		5B67F16D23825B5000347043 /* Undrunk.mp3 */ = {isa = PBXFileReference; lastKnownFileType = audio.mp3; path = Undrunk.mp3; sourceTree = "<group>"; };
		5B67F16E23825B5100347043 /* Photosynthesis.mp3 */ = {isa = PBXFileReference; lastKnownFileType = audio.mp3; path = Photosynthesis.mp3; sourceTree = "<group>"; };
		5B8F7FA52373AD6B00BC30A9 /* Good As Hell.mp3 */ = {isa = PBXFileReference; lastKnownFileType = audio.mp3; path = "Good As Hell.mp3"; sourceTree = "<group>"; };
		5B8F7FA62373AD6C00BC30A9 /* Lose You To Love Me.mp3 */ = {isa = PBXFileReference; lastKnownFileType = audio.mp3; path = "Lose You To Love Me.mp3"; sourceTree = "<group>"; };
		5B8F7FA72373AD6C00BC30A9 /* Kinfolks.mp3 */ = {isa = PBXFileReference; lastKnownFileType = audio.mp3; path = Kinfolks.mp3; sourceTree = "<group>"; };
		5B8F7FA82373AD6C00BC30A9 /* Lose Control.mp3 */ = {isa = PBXFileReference; lastKnownFileType = audio.mp3; path = "Lose Control.mp3"; sourceTree = "<group>"; };
		5B8F7FA92373AD6C00BC30A9 /* Never Seen The Rain.mp3 */ = {isa = PBXFileReference; lastKnownFileType = audio.mp3; path = "Never Seen The Rain.mp3"; sourceTree = "<group>"; };
		5B8F7FAA2373AD6D00BC30A9 /* All You Need To Know.mp3 */ = {isa = PBXFileReference; lastKnownFileType = audio.mp3; path = "All You Need To Know.mp3"; sourceTree = "<group>"; };
		5B8F7FAB2373AD6D00BC30A9 /* Chelsea Cutler.mp3 */ = {isa = PBXFileReference; lastKnownFileType = audio.mp3; path = "Chelsea Cutler.mp3"; sourceTree = "<group>"; };
		5B8F7FAC2373AD6D00BC30A9 /* Me Necesita.mp3 */ = {isa = PBXFileReference; lastKnownFileType = audio.mp3; path = "Me Necesita.mp3"; sourceTree = "<group>"; };
		5B8F7FAD2373AD6E00BC30A9 /* Broke.mp3 */ = {isa = PBXFileReference; lastKnownFileType = audio.mp3; path = Broke.mp3; sourceTree = "<group>"; };
		5B8F7FAE2373AD6E00BC30A9 /* Easy.mp3 */ = {isa = PBXFileReference; lastKnownFileType = audio.mp3; path = Easy.mp3; sourceTree = "<group>"; };
		5B8F7FAF2373AD6E00BC30A9 /* Don't Start Now.mp3 */ = {isa = PBXFileReference; lastKnownFileType = audio.mp3; path = "Don't Start Now.mp3"; sourceTree = "<group>"; };
		5B8F7FB02373AD6F00BC30A9 /* Find An Island.mp3 */ = {isa = PBXFileReference; lastKnownFileType = audio.mp3; path = "Find An Island.mp3"; sourceTree = "<group>"; };
		5B8F7FBD2373AD7E00BC30A9 /* Straight Outta Compton.mp3 */ = {isa = PBXFileReference; lastKnownFileType = audio.mp3; path = "Straight Outta Compton.mp3"; sourceTree = "<group>"; };
		5B8F7FBE2373AD7E00BC30A9 /* Nameless.mp3 */ = {isa = PBXFileReference; lastKnownFileType = audio.mp3; path = Nameless.mp3; sourceTree = "<group>"; };
		5B8F7FBF2373AD7E00BC30A9 /* Panini.mp3 */ = {isa = PBXFileReference; lastKnownFileType = audio.mp3; path = Panini.mp3; sourceTree = "<group>"; };
		5B8F7FC02373AD7F00BC30A9 /* Shut em Down.mp3 */ = {isa = PBXFileReference; lastKnownFileType = audio.mp3; path = "Shut em Down.mp3"; sourceTree = "<group>"; };
		5B8F7FC12373AD7F00BC30A9 /* Downtown.mp3 */ = {isa = PBXFileReference; lastKnownFileType = audio.mp3; path = Downtown.mp3; sourceTree = "<group>"; };
		5B8F7FC22373AD8000BC30A9 /* God's Plan.mp3 */ = {isa = PBXFileReference; lastKnownFileType = audio.mp3; path = "God's Plan.mp3"; sourceTree = "<group>"; };
		5B8F7FC42373AD8000BC30A9 /* My Adidas.mp3 */ = {isa = PBXFileReference; lastKnownFileType = audio.mp3; path = "My Adidas.mp3"; sourceTree = "<group>"; };
		5B8F7FC52373AD8000BC30A9 /* Too Fast.mp3 */ = {isa = PBXFileReference; lastKnownFileType = audio.mp3; path = "Too Fast.mp3"; sourceTree = "<group>"; };
		5B8F7FC62373AD8100BC30A9 /* When I Grow Up.mp3 */ = {isa = PBXFileReference; lastKnownFileType = audio.mp3; path = "When I Grow Up.mp3"; sourceTree = "<group>"; };
		5B8F7FC72373AD8100BC30A9 /* Immortal.mp3 */ = {isa = PBXFileReference; lastKnownFileType = audio.mp3; path = Immortal.mp3; sourceTree = "<group>"; };
		5B8F7FC82373AD8100BC30A9 /* China Town.mp3 */ = {isa = PBXFileReference; lastKnownFileType = audio.mp3; path = "China Town.mp3"; sourceTree = "<group>"; };
		5B8F7FC92373AD8200BC30A9 /* Big Tipper.mp3 */ = {isa = PBXFileReference; lastKnownFileType = audio.mp3; path = "Big Tipper.mp3"; sourceTree = "<group>"; };
		5B8F7FCB2373AD8200BC30A9 /* Raw Thoughts.mp3 */ = {isa = PBXFileReference; lastKnownFileType = audio.mp3; path = "Raw Thoughts.mp3"; sourceTree = "<group>"; };
		5B8F7FCC2373AD8300BC30A9 /* I am the Greatest.mp3 */ = {isa = PBXFileReference; lastKnownFileType = audio.mp3; path = "I am the Greatest.mp3"; sourceTree = "<group>"; };
		5B8F7FCD2373AD8300BC30A9 /* Me You.mp3 */ = {isa = PBXFileReference; lastKnownFileType = audio.mp3; path = "Me You.mp3"; sourceTree = "<group>"; };
		5B8F7FCE2373AD8300BC30A9 /* Send It Up.mp3 */ = {isa = PBXFileReference; lastKnownFileType = audio.mp3; path = "Send It Up.mp3"; sourceTree = "<group>"; };
		5B8F7FCF2373AD8400BC30A9 /* Monster.mp3 */ = {isa = PBXFileReference; lastKnownFileType = audio.mp3; path = Monster.mp3; sourceTree = "<group>"; };
		5B8F7FE82373AD8C00BC30A9 /* Beach House.mp3 */ = {isa = PBXFileReference; lastKnownFileType = audio.mp3; path = "Beach House.mp3"; sourceTree = "<group>"; };
		5B8F7FE92373AD8C00BC30A9 /* Only You.mp3 */ = {isa = PBXFileReference; lastKnownFileType = audio.mp3; path = "Only You.mp3"; sourceTree = "<group>"; };
		5B8F7FEA2373AD8D00BC30A9 /* Rushing Back.mp3 */ = {isa = PBXFileReference; lastKnownFileType = audio.mp3; path = "Rushing Back.mp3"; sourceTree = "<group>"; };
		5B8F7FEC2373AD8D00BC30A9 /* Right Now.mp3 */ = {isa = PBXFileReference; lastKnownFileType = audio.mp3; path = "Right Now.mp3"; sourceTree = "<group>"; };
		5B8F7FF72373ADF300BC30A9 /* All You Need To Know.mp3 */ = {isa = PBXFileReference; lastKnownFileType = audio.mp3; path = "All You Need To Know.mp3"; sourceTree = "<group>"; };
		5B8F7FF82373AEE700BC30A9 /* Brass Monkey.mp3 */ = {isa = PBXFileReference; lastKnownFileType = audio.mp3; path = "Brass Monkey.mp3"; sourceTree = "<group>"; };
		5BA11717237B3E9100D3386D /* FeedbackViewController.swift */ = {isa = PBXFileReference; lastKnownFileType = sourcecode.swift; path = FeedbackViewController.swift; sourceTree = "<group>"; };
		5BA1DA41237A37F300004F52 /* Lucky.mp3 */ = {isa = PBXFileReference; lastKnownFileType = audio.mp3; path = Lucky.mp3; sourceTree = "<group>"; };
		5BA53AD9237A2A66007D79D0 /* Lose Yourself.mp3 */ = {isa = PBXFileReference; lastKnownFileType = audio.mp3; path = "Lose Yourself.mp3"; sourceTree = "<group>"; };
		5BC1FC7E2366183400E59DCB /* SongViewController.swift */ = {isa = PBXFileReference; lastKnownFileType = sourcecode.swift; path = SongViewController.swift; sourceTree = "<group>"; };
		5BC4E6472368E496009FBC88 /* Page.swift */ = {isa = PBXFileReference; fileEncoding = 4; lastKnownFileType = sourcecode.swift; path = Page.swift; sourceTree = "<group>"; };
		5BD73B5D2373F0F500B1A21B /* We Don't Care.mp3 */ = {isa = PBXFileReference; lastKnownFileType = audio.mp3; path = "We Don't Care.mp3"; sourceTree = "<group>"; };
		5BD73B5F2373F0F500B1A21B /* Happier.mp3 */ = {isa = PBXFileReference; lastKnownFileType = audio.mp3; path = Happier.mp3; sourceTree = "<group>"; };
		5BD73B602373F0F500B1A21B /* Spicy.mp3 */ = {isa = PBXFileReference; lastKnownFileType = audio.mp3; path = Spicy.mp3; sourceTree = "<group>"; };
		5BD73B672373F14A00B1A21B /* Sweet Dreams.mp3 */ = {isa = PBXFileReference; lastKnownFileType = audio.mp3; path = "Sweet Dreams.mp3"; sourceTree = "<group>"; };
		5BD73B682373F14A00B1A21B /* Trigger.mp3 */ = {isa = PBXFileReference; lastKnownFileType = audio.mp3; path = Trigger.mp3; sourceTree = "<group>"; };
		5BD73B692373F14A00B1A21B /* All Around The World.mp3 */ = {isa = PBXFileReference; lastKnownFileType = audio.mp3; path = "All Around The World.mp3"; sourceTree = "<group>"; };
		5BD73B6D2373F20800B1A21B /* We Got Love.mp3 */ = {isa = PBXFileReference; lastKnownFileType = audio.mp3; path = "We Got Love.mp3"; sourceTree = "<group>"; };
		5BD73B6F2373F21400B1A21B /* Something About You.mp3 */ = {isa = PBXFileReference; lastKnownFileType = audio.mp3; path = "Something About You.mp3"; sourceTree = "<group>"; };
		5BD73B712373F22D00B1A21B /* Flying On My Own.mp3 */ = {isa = PBXFileReference; lastKnownFileType = audio.mp3; path = "Flying On My Own.mp3"; sourceTree = "<group>"; };
		5BD73B732373F24600B1A21B /* Colour.mp3 */ = {isa = PBXFileReference; lastKnownFileType = audio.mp3; path = Colour.mp3; sourceTree = "<group>"; };
		5BD73B752373F76E00B1A21B /* Beautiful Now.mp3 */ = {isa = PBXFileReference; lastKnownFileType = audio.mp3; path = "Beautiful Now.mp3"; sourceTree = "<group>"; };
		5BE0F485235CEE440026B2DD /* BottomNavParWithCard.app */ = {isa = PBXFileReference; explicitFileType = wrapper.application; includeInIndex = 0; path = BottomNavParWithCard.app; sourceTree = BUILT_PRODUCTS_DIR; };
		5BE0F488235CEE440026B2DD /* AppDelegate.swift */ = {isa = PBXFileReference; lastKnownFileType = sourcecode.swift; path = AppDelegate.swift; sourceTree = "<group>"; };
		5BE0F48A235CEE440026B2DD /* SceneDelegate.swift */ = {isa = PBXFileReference; lastKnownFileType = sourcecode.swift; path = SceneDelegate.swift; sourceTree = "<group>"; };
		5BE0F48C235CEE440026B2DD /* MainViewController.swift */ = {isa = PBXFileReference; lastKnownFileType = sourcecode.swift; path = MainViewController.swift; sourceTree = "<group>"; };
		5BE0F491235CEE470026B2DD /* Assets.xcassets */ = {isa = PBXFileReference; lastKnownFileType = folder.assetcatalog; path = Assets.xcassets; sourceTree = "<group>"; };
		5BE0F494235CEE470026B2DD /* Base */ = {isa = PBXFileReference; lastKnownFileType = file.storyboard; name = Base; path = Base.lproj/LaunchScreen.storyboard; sourceTree = "<group>"; };
		5BE0F496235CEE470026B2DD /* Info.plist */ = {isa = PBXFileReference; lastKnownFileType = text.plist.xml; path = Info.plist; sourceTree = "<group>"; };
		5BE0F49C235CEF3E0026B2DD /* LibraryViewController.swift */ = {isa = PBXFileReference; lastKnownFileType = sourcecode.swift; path = LibraryViewController.swift; sourceTree = "<group>"; };
		5BE0F49E235CEF490026B2DD /* DiscoveryViewController.swift */ = {isa = PBXFileReference; lastKnownFileType = sourcecode.swift; path = DiscoveryViewController.swift; sourceTree = "<group>"; };
		5BE0F4A0235CF3E70026B2DD /* Song.swift */ = {isa = PBXFileReference; fileEncoding = 4; lastKnownFileType = sourcecode.swift; path = Song.swift; sourceTree = "<group>"; };
		5BE0F4A1235CF3E70026B2DD /* SongAPI.swift */ = {isa = PBXFileReference; fileEncoding = 4; lastKnownFileType = sourcecode.swift; path = SongAPI.swift; sourceTree = "<group>"; };
		5BF44353236AA160002527F5 /* PageView.swift */ = {isa = PBXFileReference; lastKnownFileType = sourcecode.swift; path = PageView.swift; sourceTree = "<group>"; };
		5BF44355236AA43B002527F5 /* SwipeViewController.swift */ = {isa = PBXFileReference; lastKnownFileType = sourcecode.swift; path = SwipeViewController.swift; sourceTree = "<group>"; };
/* End PBXFileReference section */

/* Begin PBXFrameworksBuildPhase section */
		5BE0F482235CEE440026B2DD /* Frameworks */ = {
			isa = PBXFrameworksBuildPhase;
			buildActionMask = 2147483647;
			files = (
			);
			runOnlyForDeploymentPostprocessing = 0;
		};
/* End PBXFrameworksBuildPhase section */

/* Begin PBXGroup section */
		5B8F7FA22373AD0700BC30A9 /* Pop */ = {
			isa = PBXGroup;
			children = (
				5B67F16C23825B5000347043 /* Bohemian Rhapsody.mp3 */,
				5B67F16823825B4F00347043 /* Chasing Cars.mp3 */,
				5B67F16A23825B4F00347043 /* Hold It Down.mp3 */,
				5B67F16923825B4F00347043 /* Indigo.mp3 */,
				5B67F16E23825B5100347043 /* Photosynthesis.mp3 */,
				5B67F16B23825B4F00347043 /* Sunkissed.mp3 */,
				5B67F16D23825B5000347043 /* Undrunk.mp3 */,
				5BA1DA41237A37F300004F52 /* Lucky.mp3 */,
				5B8F7FAA2373AD6D00BC30A9 /* All You Need To Know.mp3 */,
				5B8F7FAD2373AD6E00BC30A9 /* Broke.mp3 */,
				5B8F7FAB2373AD6D00BC30A9 /* Chelsea Cutler.mp3 */,
				5B8F7FAF2373AD6E00BC30A9 /* Don't Start Now.mp3 */,
				5B8F7FAE2373AD6E00BC30A9 /* Easy.mp3 */,
				5B8F7FB02373AD6F00BC30A9 /* Find An Island.mp3 */,
				5B8F7FA52373AD6B00BC30A9 /* Good As Hell.mp3 */,
				5B8F7FA72373AD6C00BC30A9 /* Kinfolks.mp3 */,
				5B8F7FA82373AD6C00BC30A9 /* Lose Control.mp3 */,
				5B8F7FA62373AD6C00BC30A9 /* Lose You To Love Me.mp3 */,
				5B8F7FAC2373AD6D00BC30A9 /* Me Necesita.mp3 */,
				5B8F7FA92373AD6C00BC30A9 /* Never Seen The Rain.mp3 */,
			);
			path = Pop;
			sourceTree = "<group>";
		};
		5B8F7FA32373AD4000BC30A9 /* Hip Hop */ = {
			isa = PBXGroup;
			children = (
				5B8F7FF82373AEE700BC30A9 /* Brass Monkey.mp3 */,
				5B8F7FC92373AD8200BC30A9 /* Big Tipper.mp3 */,
				5B8F7FC82373AD8100BC30A9 /* China Town.mp3 */,
				5BA53AD9237A2A66007D79D0 /* Lose Yourself.mp3 */,
				5B8F7FC12373AD7F00BC30A9 /* Downtown.mp3 */,
				5B8F7FC22373AD8000BC30A9 /* God's Plan.mp3 */,
				5B8F7FCC2373AD8300BC30A9 /* I am the Greatest.mp3 */,
				5B8F7FC72373AD8100BC30A9 /* Immortal.mp3 */,
				5B8F7FCD2373AD8300BC30A9 /* Me You.mp3 */,
				5B8F7FCF2373AD8400BC30A9 /* Monster.mp3 */,
				5B8F7FC42373AD8000BC30A9 /* My Adidas.mp3 */,
				5B8F7FBE2373AD7E00BC30A9 /* Nameless.mp3 */,
				5B8F7FBF2373AD7E00BC30A9 /* Panini.mp3 */,
				5B8F7FCB2373AD8200BC30A9 /* Raw Thoughts.mp3 */,
				5B8F7FCE2373AD8300BC30A9 /* Send It Up.mp3 */,
				5B8F7FC02373AD7F00BC30A9 /* Shut em Down.mp3 */,
				5B8F7FBD2373AD7E00BC30A9 /* Straight Outta Compton.mp3 */,
				5B8F7FC52373AD8000BC30A9 /* Too Fast.mp3 */,
				5B8F7FC62373AD8100BC30A9 /* When I Grow Up.mp3 */,
			);
			path = "Hip Hop";
			sourceTree = "<group>";
		};
		5B8F7FA42373AD4500BC30A9 /* EDM */ = {
			isa = PBXGroup;
			children = (
				5B8F7FE92373AD8C00BC30A9 /* Only You.mp3 */,
				5BD73B752373F76E00B1A21B /* Beautiful Now.mp3 */,
				5BD73B602373F0F500B1A21B /* Spicy.mp3 */,
				5BD73B672373F14A00B1A21B /* Sweet Dreams.mp3 */,
				5BD73B682373F14A00B1A21B /* Trigger.mp3 */,
				5BD73B692373F14A00B1A21B /* All Around The World.mp3 */,
				5BD73B5F2373F0F500B1A21B /* Happier.mp3 */,
				5BD73B712373F22D00B1A21B /* Flying On My Own.mp3 */,
				5BD73B732373F24600B1A21B /* Colour.mp3 */,
				5BD73B6D2373F20800B1A21B /* We Got Love.mp3 */,
				5BD73B5D2373F0F500B1A21B /* We Don't Care.mp3 */,
				5BD73B6F2373F21400B1A21B /* Something About You.mp3 */,
				5B8F7FEA2373AD8D00BC30A9 /* Rushing Back.mp3 */,
				5B8F7FEC2373AD8D00BC30A9 /* Right Now.mp3 */,
				5B8F7FE82373AD8C00BC30A9 /* Beach House.mp3 */,
				5B8F7FF72373ADF300BC30A9 /* All You Need To Know.mp3 */,
			);
			path = EDM;
			sourceTree = "<group>";
		};
		5BE0F47C235CEE440026B2DD = {
			isa = PBXGroup;
			children = (
				5BE0F487235CEE440026B2DD /* BottomNavParWithCard */,
				5BE0F486235CEE440026B2DD /* Products */,
			);
			sourceTree = "<group>";
		};
		5BE0F486235CEE440026B2DD /* Products */ = {
			isa = PBXGroup;
			children = (
				5BE0F485235CEE440026B2DD /* BottomNavParWithCard.app */,
			);
			name = Products;
			sourceTree = "<group>";
		};
		5BE0F487235CEE440026B2DD /* BottomNavParWithCard */ = {
			isa = PBXGroup;
			children = (
				5BE34FA4235D334D008B4587 /* Songs */,
				5BE0F4A0235CF3E70026B2DD /* Song.swift */,
				5BC4E6472368E496009FBC88 /* Page.swift */,
				5BE0F4A1235CF3E70026B2DD /* SongAPI.swift */,
				5BE0F488235CEE440026B2DD /* AppDelegate.swift */,
				5B12E8D7236FFD2D00F17700 /* FinalViewController.swift */,
				5BA11717237B3E9100D3386D /* FeedbackViewController.swift */,
				5BE0F48A235CEE440026B2DD /* SceneDelegate.swift */,
				5BE0F48C235CEE440026B2DD /* MainViewController.swift */,
				5BE0F491235CEE470026B2DD /* Assets.xcassets */,
				5BE0F493235CEE470026B2DD /* LaunchScreen.storyboard */,
				5BE0F496235CEE470026B2DD /* Info.plist */,
				5BE0F49C235CEF3E0026B2DD /* LibraryViewController.swift */,
				5BC1FC7E2366183400E59DCB /* SongViewController.swift */,
				5BE0F49E235CEF490026B2DD /* DiscoveryViewController.swift */,
				5BF44355236AA43B002527F5 /* SwipeViewController.swift */,
				5BF44353236AA160002527F5 /* PageView.swift */,
			);
			path = BottomNavParWithCard;
			sourceTree = "<group>";
		};
		5BE34FA4235D334D008B4587 /* Songs */ = {
			isa = PBXGroup;
			children = (
				5B8F7FA42373AD4500BC30A9 /* EDM */,
				5B8F7FA32373AD4000BC30A9 /* Hip Hop */,
				5B8F7FA22373AD0700BC30A9 /* Pop */,
			);
			path = Songs;
			sourceTree = "<group>";
		};
/* End PBXGroup section */

/* Begin PBXNativeTarget section */
		5BE0F484235CEE440026B2DD /* BottomNavParWithCard */ = {
			isa = PBXNativeTarget;
			buildConfigurationList = 5BE0F499235CEE470026B2DD /* Build configuration list for PBXNativeTarget "BottomNavParWithCard" */;
			buildPhases = (
				5BE0F481235CEE440026B2DD /* Sources */,
				5BE0F482235CEE440026B2DD /* Frameworks */,
				5BE0F483235CEE440026B2DD /* Resources */,
			);
			buildRules = (
			);
			dependencies = (
			);
			name = BottomNavParWithCard;
			productName = BottomNavParWithCard;
			productReference = 5BE0F485235CEE440026B2DD /* BottomNavParWithCard.app */;
			productType = "com.apple.product-type.application";
		};
/* End PBXNativeTarget section */

/* Begin PBXProject section */
		5BE0F47D235CEE440026B2DD /* Project object */ = {
			isa = PBXProject;
			attributes = {
				LastSwiftUpdateCheck = 1110;
				LastUpgradeCheck = 1110;
				ORGANIZATIONNAME = "Martin Kim";
				TargetAttributes = {
					5BE0F484235CEE440026B2DD = {
						CreatedOnToolsVersion = 11.1;
					};
				};
			};
			buildConfigurationList = 5BE0F480235CEE440026B2DD /* Build configuration list for PBXProject "BottomNavParWithCard" */;
			compatibilityVersion = "Xcode 9.3";
			developmentRegion = en;
			hasScannedForEncodings = 0;
			knownRegions = (
				en,
				Base,
			);
			mainGroup = 5BE0F47C235CEE440026B2DD;
			productRefGroup = 5BE0F486235CEE440026B2DD /* Products */;
			projectDirPath = "";
			projectRoot = "";
			targets = (
				5BE0F484235CEE440026B2DD /* BottomNavParWithCard */,
			);
		};
/* End PBXProject section */

/* Begin PBXResourcesBuildPhase section */
		5BE0F483235CEE440026B2DD /* Resources */ = {
			isa = PBXResourcesBuildPhase;
			buildActionMask = 2147483647;
			files = (
				5B8F7FDE2373AD8400BC30A9 /* Raw Thoughts.mp3 in Resources */,
				5BD73B6E2373F20800B1A21B /* We Got Love.mp3 in Resources */,
				5BD73B622373F0F500B1A21B /* We Don't Care.mp3 in Resources */,
				5BD73B6B2373F14A00B1A21B /* Trigger.mp3 in Resources */,
				5BD73B742373F24600B1A21B /* Colour.mp3 in Resources */,
				5B8F7FD32373AD8400BC30A9 /* Shut em Down.mp3 in Resources */,
				5B67F17123825B5100347043 /* Hold It Down.mp3 in Resources */,
				5BD73B702373F21400B1A21B /* Something About You.mp3 in Resources */,
				5B8F7FD72373AD8400BC30A9 /* My Adidas.mp3 in Resources */,
				5B8F7FBA2373AD6F00BC30A9 /* Easy.mp3 in Resources */,
				5B8F7FBB2373AD6F00BC30A9 /* Don't Start Now.mp3 in Resources */,
				5B8F7FD82373AD8400BC30A9 /* Too Fast.mp3 in Resources */,
				5BD73B722373F22D00B1A21B /* Flying On My Own.mp3 in Resources */,
				5B67F17323825B5100347043 /* Bohemian Rhapsody.mp3 in Resources */,
				5B8F7FF92373AEE800BC30A9 /* Brass Monkey.mp3 in Resources */,
				5B8F7FF62373AD8D00BC30A9 /* Right Now.mp3 in Resources */,
				5B8F7FD42373AD8400BC30A9 /* Downtown.mp3 in Resources */,
				5BD73B6C2373F14A00B1A21B /* All Around The World.mp3 in Resources */,
				5B8F7FD12373AD8400BC30A9 /* Nameless.mp3 in Resources */,
				5B8F7FF42373AD8D00BC30A9 /* Rushing Back.mp3 in Resources */,
				5B8F7FB72373AD6F00BC30A9 /* Chelsea Cutler.mp3 in Resources */,
				5B8F7FF22373AD8D00BC30A9 /* Beach House.mp3 in Resources */,
				5B67F17223825B5100347043 /* Sunkissed.mp3 in Resources */,
				5B8F7FB32373AD6F00BC30A9 /* Kinfolks.mp3 in Resources */,
				5B8F7FD52373AD8400BC30A9 /* God's Plan.mp3 in Resources */,
				5B8F7FDB2373AD8400BC30A9 /* China Town.mp3 in Resources */,
				5B8F7FB22373AD6F00BC30A9 /* Lose You To Love Me.mp3 in Resources */,
				5B8F7FDF2373AD8400BC30A9 /* I am the Greatest.mp3 in Resources */,
				5B8F7FB62373AD6F00BC30A9 /* All You Need To Know.mp3 in Resources */,
				5B8F7FDA2373AD8400BC30A9 /* Immortal.mp3 in Resources */,
				5B67F17023825B5100347043 /* Indigo.mp3 in Resources */,
				5B8F7FB52373AD6F00BC30A9 /* Never Seen The Rain.mp3 in Resources */,
				5BA1DA42237A37F300004F52 /* Lucky.mp3 in Resources */,
				5BA53ADA237A2A66007D79D0 /* Lose Yourself.mp3 in Resources */,
				5BD73B652373F0F500B1A21B /* Spicy.mp3 in Resources */,
				5B67F17423825B5100347043 /* Undrunk.mp3 in Resources */,
				5B67F17523825B5100347043 /* Photosynthesis.mp3 in Resources */,
				5B8F7FDC2373AD8400BC30A9 /* Big Tipper.mp3 in Resources */,
				5BE0F495235CEE470026B2DD /* LaunchScreen.storyboard in Resources */,
				5B8F7FE02373AD8400BC30A9 /* Me You.mp3 in Resources */,
				5B8F7FE22373AD8400BC30A9 /* Monster.mp3 in Resources */,
				5B67F16F23825B5100347043 /* Chasing Cars.mp3 in Resources */,
				5B8F7FF32373AD8D00BC30A9 /* Only You.mp3 in Resources */,
				5B8F7FD92373AD8400BC30A9 /* When I Grow Up.mp3 in Resources */,
				5BD73B762373F76E00B1A21B /* Beautiful Now.mp3 in Resources */,
				5BE0F492235CEE470026B2DD /* Assets.xcassets in Resources */,
				5B8F7FE12373AD8400BC30A9 /* Send It Up.mp3 in Resources */,
				5BD73B6A2373F14A00B1A21B /* Sweet Dreams.mp3 in Resources */,
				5B8F7FD02373AD8400BC30A9 /* Straight Outta Compton.mp3 in Resources */,
				5B8F7FB92373AD6F00BC30A9 /* Broke.mp3 in Resources */,
				5B8F7FB42373AD6F00BC30A9 /* Lose Control.mp3 in Resources */,
				5B8F7FB12373AD6F00BC30A9 /* Good As Hell.mp3 in Resources */,
				5B8F7FB82373AD6F00BC30A9 /* Me Necesita.mp3 in Resources */,
				5BD73B642373F0F500B1A21B /* Happier.mp3 in Resources */,
				5B8F7FBC2373AD6F00BC30A9 /* Find An Island.mp3 in Resources */,
				5B8F7FD22373AD8400BC30A9 /* Panini.mp3 in Resources */,
			);
			runOnlyForDeploymentPostprocessing = 0;
		};
/* End PBXResourcesBuildPhase section */

/* Begin PBXSourcesBuildPhase section */
		5BE0F481235CEE440026B2DD /* Sources */ = {
			isa = PBXSourcesBuildPhase;
			buildActionMask = 2147483647;
			files = (
				5BE0F4A2235CF3E70026B2DD /* Song.swift in Sources */,
				5B12E8D8236FFD2D00F17700 /* FinalViewController.swift in Sources */,
				5BC1FC7F2366183400E59DCB /* SongViewController.swift in Sources */,
				5BE0F48D235CEE440026B2DD /* MainViewController.swift in Sources */,
				5BC4E6482368E497009FBC88 /* Page.swift in Sources */,
				5BE0F489235CEE440026B2DD /* AppDelegate.swift in Sources */,
				5BE0F4A3235CF3E70026B2DD /* SongAPI.swift in Sources */,
				5BE0F49D235CEF3E0026B2DD /* LibraryViewController.swift in Sources */,
				5BF44354236AA160002527F5 /* PageView.swift in Sources */,
				5BE0F48B235CEE440026B2DD /* SceneDelegate.swift in Sources */,
				5BA11718237B3E9100D3386D /* FeedbackViewController.swift in Sources */,
				5BE0F49F235CEF490026B2DD /* DiscoveryViewController.swift in Sources */,
				5BF44356236AA43B002527F5 /* SwipeViewController.swift in Sources */,
			);
			runOnlyForDeploymentPostprocessing = 0;
		};
/* End PBXSourcesBuildPhase section */

/* Begin PBXVariantGroup section */
		5BE0F493235CEE470026B2DD /* LaunchScreen.storyboard */ = {
			isa = PBXVariantGroup;
			children = (
				5BE0F494235CEE470026B2DD /* Base */,
			);
			name = LaunchScreen.storyboard;
			sourceTree = "<group>";
		};
/* End PBXVariantGroup section */

/* Begin XCBuildConfiguration section */
		5BE0F497235CEE470026B2DD /* Debug */ = {
			isa = XCBuildConfiguration;
			buildSettings = {
				ALWAYS_SEARCH_USER_PATHS = NO;
				CLANG_ANALYZER_NONNULL = YES;
				CLANG_ANALYZER_NUMBER_OBJECT_CONVERSION = YES_AGGRESSIVE;
				CLANG_CXX_LANGUAGE_STANDARD = "gnu++14";
				CLANG_CXX_LIBRARY = "libc++";
				CLANG_ENABLE_MODULES = YES;
				CLANG_ENABLE_OBJC_ARC = YES;
				CLANG_ENABLE_OBJC_WEAK = YES;
				CLANG_WARN_BLOCK_CAPTURE_AUTORELEASING = YES;
				CLANG_WARN_BOOL_CONVERSION = YES;
				CLANG_WARN_COMMA = YES;
				CLANG_WARN_CONSTANT_CONVERSION = YES;
				CLANG_WARN_DEPRECATED_OBJC_IMPLEMENTATIONS = YES;
				CLANG_WARN_DIRECT_OBJC_ISA_USAGE = YES_ERROR;
				CLANG_WARN_DOCUMENTATION_COMMENTS = YES;
				CLANG_WARN_EMPTY_BODY = YES;
				CLANG_WARN_ENUM_CONVERSION = YES;
				CLANG_WARN_INFINITE_RECURSION = YES;
				CLANG_WARN_INT_CONVERSION = YES;
				CLANG_WARN_NON_LITERAL_NULL_CONVERSION = YES;
				CLANG_WARN_OBJC_IMPLICIT_RETAIN_SELF = YES;
				CLANG_WARN_OBJC_LITERAL_CONVERSION = YES;
				CLANG_WARN_OBJC_ROOT_CLASS = YES_ERROR;
				CLANG_WARN_RANGE_LOOP_ANALYSIS = YES;
				CLANG_WARN_STRICT_PROTOTYPES = YES;
				CLANG_WARN_SUSPICIOUS_MOVE = YES;
				CLANG_WARN_UNGUARDED_AVAILABILITY = YES_AGGRESSIVE;
				CLANG_WARN_UNREACHABLE_CODE = YES;
				CLANG_WARN__DUPLICATE_METHOD_MATCH = YES;
				COPY_PHASE_STRIP = NO;
				DEBUG_INFORMATION_FORMAT = dwarf;
				ENABLE_STRICT_OBJC_MSGSEND = YES;
				ENABLE_TESTABILITY = YES;
				GCC_C_LANGUAGE_STANDARD = gnu11;
				GCC_DYNAMIC_NO_PIC = NO;
				GCC_NO_COMMON_BLOCKS = YES;
				GCC_OPTIMIZATION_LEVEL = 0;
				GCC_PREPROCESSOR_DEFINITIONS = (
					"DEBUG=1",
					"$(inherited)",
				);
				GCC_WARN_64_TO_32_BIT_CONVERSION = YES;
				GCC_WARN_ABOUT_RETURN_TYPE = YES_ERROR;
				GCC_WARN_UNDECLARED_SELECTOR = YES;
				GCC_WARN_UNINITIALIZED_AUTOS = YES_AGGRESSIVE;
				GCC_WARN_UNUSED_FUNCTION = YES;
				GCC_WARN_UNUSED_VARIABLE = YES;
				IPHONEOS_DEPLOYMENT_TARGET = 13.1;
				MTL_ENABLE_DEBUG_INFO = INCLUDE_SOURCE;
				MTL_FAST_MATH = YES;
				ONLY_ACTIVE_ARCH = YES;
				SDKROOT = iphoneos;
				SWIFT_ACTIVE_COMPILATION_CONDITIONS = DEBUG;
				SWIFT_OPTIMIZATION_LEVEL = "-Onone";
			};
			name = Debug;
		};
		5BE0F498235CEE470026B2DD /* Release */ = {
			isa = XCBuildConfiguration;
			buildSettings = {
				ALWAYS_SEARCH_USER_PATHS = NO;
				CLANG_ANALYZER_NONNULL = YES;
				CLANG_ANALYZER_NUMBER_OBJECT_CONVERSION = YES_AGGRESSIVE;
				CLANG_CXX_LANGUAGE_STANDARD = "gnu++14";
				CLANG_CXX_LIBRARY = "libc++";
				CLANG_ENABLE_MODULES = YES;
				CLANG_ENABLE_OBJC_ARC = YES;
				CLANG_ENABLE_OBJC_WEAK = YES;
				CLANG_WARN_BLOCK_CAPTURE_AUTORELEASING = YES;
				CLANG_WARN_BOOL_CONVERSION = YES;
				CLANG_WARN_COMMA = YES;
				CLANG_WARN_CONSTANT_CONVERSION = YES;
				CLANG_WARN_DEPRECATED_OBJC_IMPLEMENTATIONS = YES;
				CLANG_WARN_DIRECT_OBJC_ISA_USAGE = YES_ERROR;
				CLANG_WARN_DOCUMENTATION_COMMENTS = YES;
				CLANG_WARN_EMPTY_BODY = YES;
				CLANG_WARN_ENUM_CONVERSION = YES;
				CLANG_WARN_INFINITE_RECURSION = YES;
				CLANG_WARN_INT_CONVERSION = YES;
				CLANG_WARN_NON_LITERAL_NULL_CONVERSION = YES;
				CLANG_WARN_OBJC_IMPLICIT_RETAIN_SELF = YES;
				CLANG_WARN_OBJC_LITERAL_CONVERSION = YES;
				CLANG_WARN_OBJC_ROOT_CLASS = YES_ERROR;
				CLANG_WARN_RANGE_LOOP_ANALYSIS = YES;
				CLANG_WARN_STRICT_PROTOTYPES = YES;
				CLANG_WARN_SUSPICIOUS_MOVE = YES;
				CLANG_WARN_UNGUARDED_AVAILABILITY = YES_AGGRESSIVE;
				CLANG_WARN_UNREACHABLE_CODE = YES;
				CLANG_WARN__DUPLICATE_METHOD_MATCH = YES;
				COPY_PHASE_STRIP = NO;
				DEBUG_INFORMATION_FORMAT = "dwarf-with-dsym";
				ENABLE_NS_ASSERTIONS = NO;
				ENABLE_STRICT_OBJC_MSGSEND = YES;
				GCC_C_LANGUAGE_STANDARD = gnu11;
				GCC_NO_COMMON_BLOCKS = YES;
				GCC_WARN_64_TO_32_BIT_CONVERSION = YES;
				GCC_WARN_ABOUT_RETURN_TYPE = YES_ERROR;
				GCC_WARN_UNDECLARED_SELECTOR = YES;
				GCC_WARN_UNINITIALIZED_AUTOS = YES_AGGRESSIVE;
				GCC_WARN_UNUSED_FUNCTION = YES;
				GCC_WARN_UNUSED_VARIABLE = YES;
				IPHONEOS_DEPLOYMENT_TARGET = 13.1;
				MTL_ENABLE_DEBUG_INFO = NO;
				MTL_FAST_MATH = YES;
				SDKROOT = iphoneos;
				SWIFT_COMPILATION_MODE = wholemodule;
				SWIFT_OPTIMIZATION_LEVEL = "-O";
				VALIDATE_PRODUCT = YES;
			};
			name = Release;
		};
		5BE0F49A235CEE470026B2DD /* Debug */ = {
			isa = XCBuildConfiguration;
			buildSettings = {
				ASSETCATALOG_COMPILER_APPICON_NAME = AppIcon;
				CODE_SIGN_STYLE = Automatic;
				DEVELOPMENT_TEAM = 2P387MRC6Y;
				INFOPLIST_FILE = BottomNavParWithCard/Info.plist;
				LD_RUNPATH_SEARCH_PATHS = (
					"$(inherited)",
					"@executable_path/Frameworks",
				);
				PRODUCT_BUNDLE_IDENTIFIER = com.MartinKim.BottomNavParWithCard;
				PRODUCT_NAME = "$(TARGET_NAME)";
				SWIFT_VERSION = 5.0;
				TARGETED_DEVICE_FAMILY = "1,2";
			};
			name = Debug;
		};
		5BE0F49B235CEE470026B2DD /* Release */ = {
			isa = XCBuildConfiguration;
			buildSettings = {
				ASSETCATALOG_COMPILER_APPICON_NAME = AppIcon;
				CODE_SIGN_STYLE = Automatic;
				DEVELOPMENT_TEAM = 2P387MRC6Y;
				INFOPLIST_FILE = BottomNavParWithCard/Info.plist;
				LD_RUNPATH_SEARCH_PATHS = (
					"$(inherited)",
					"@executable_path/Frameworks",
				);
				PRODUCT_BUNDLE_IDENTIFIER = com.MartinKim.BottomNavParWithCard;
				PRODUCT_NAME = "$(TARGET_NAME)";
				SWIFT_VERSION = 5.0;
				TARGETED_DEVICE_FAMILY = "1,2";
			};
			name = Release;
		};
/* End XCBuildConfiguration section */

/* Begin XCConfigurationList section */
		5BE0F480235CEE440026B2DD /* Build configuration list for PBXProject "BottomNavParWithCard" */ = {
			isa = XCConfigurationList;
			buildConfigurations = (
				5BE0F497235CEE470026B2DD /* Debug */,
				5BE0F498235CEE470026B2DD /* Release */,
			);
			defaultConfigurationIsVisible = 0;
			defaultConfigurationName = Release;
		};
		5BE0F499235CEE470026B2DD /* Build configuration list for PBXNativeTarget "BottomNavParWithCard" */ = {
			isa = XCConfigurationList;
			buildConfigurations = (
				5BE0F49A235CEE470026B2DD /* Debug */,
				5BE0F49B235CEE470026B2DD /* Release */,
			);
			defaultConfigurationIsVisible = 0;
			defaultConfigurationName = Release;
		};
/* End XCConfigurationList section */
	};
	rootObject = 5BE0F47D235CEE440026B2DD /* Project object */;
}
