// !$*UTF8*$!
{
	archiveVersion = 1;
	classes = {
	};
	objectVersion = 50;
	objects = {

/* Begin PBXBuildFile section */
		5BC1FC7F2366183400E59DCB /* SongViewController.swift in Sources */ = {isa = PBXBuildFile; fileRef = 5BC1FC7E2366183400E59DCB /* SongViewController.swift */; };
		5BC4E6482368E497009FBC88 /* Page.swift in Sources */ = {isa = PBXBuildFile; fileRef = 5BC4E6472368E496009FBC88 /* Page.swift */; };
		5BE0F489235CEE440026B2DD /* AppDelegate.swift in Sources */ = {isa = PBXBuildFile; fileRef = 5BE0F488235CEE440026B2DD /* AppDelegate.swift */; };
		5BE0F48B235CEE440026B2DD /* SceneDelegate.swift in Sources */ = {isa = PBXBuildFile; fileRef = 5BE0F48A235CEE440026B2DD /* SceneDelegate.swift */; };
		5BE0F48D235CEE440026B2DD /* MainViewController.swift in Sources */ = {isa = PBXBuildFile; fileRef = 5BE0F48C235CEE440026B2DD /* MainViewController.swift */; };
		5BE0F492235CEE470026B2DD /* Assets.xcassets in Resources */ = {isa = PBXBuildFile; fileRef = 5BE0F491235CEE470026B2DD /* Assets.xcassets */; };
		5BE0F495235CEE470026B2DD /* LaunchScreen.storyboard in Resources */ = {isa = PBXBuildFile; fileRef = 5BE0F493235CEE470026B2DD /* LaunchScreen.storyboard */; };
		5BE0F49D235CEF3E0026B2DD /* LibraryViewController.swift in Sources */ = {isa = PBXBuildFile; fileRef = 5BE0F49C235CEF3E0026B2DD /* LibraryViewController.swift */; };
		5BE0F49F235CEF490026B2DD /* DiscoveryViewController.swift in Sources */ = {isa = PBXBuildFile; fileRef = 5BE0F49E235CEF490026B2DD /* DiscoveryViewController.swift */; };
		5BE0F4A2235CF3E70026B2DD /* Song.swift in Sources */ = {isa = PBXBuildFile; fileRef = 5BE0F4A0235CF3E70026B2DD /* Song.swift */; };
		5BE0F4A3235CF3E70026B2DD /* SongAPI.swift in Sources */ = {isa = PBXBuildFile; fileRef = 5BE0F4A1235CF3E70026B2DD /* SongAPI.swift */; };
		5BE34FA1235D332E008B4587 /* SLOW DANCING IN THE DARK.mp3 in Resources */ = {isa = PBXBuildFile; fileRef = 5BE34F9E235D332D008B4587 /* SLOW DANCING IN THE DARK.mp3 */; };
		5BE34FA2235D332E008B4587 /* HIGHEST IN THE ROOM.mp3 in Resources */ = {isa = PBXBuildFile; fileRef = 5BE34F9F235D332D008B4587 /* HIGHEST IN THE ROOM.mp3 */; };
		5BE34FA3235D332E008B4587 /* Love You Too Late.mp3 in Resources */ = {isa = PBXBuildFile; fileRef = 5BE34FA0235D332E008B4587 /* Love You Too Late.mp3 */; };
		5BF44354236AA160002527F5 /* PageView.swift in Sources */ = {isa = PBXBuildFile; fileRef = 5BF44353236AA160002527F5 /* PageView.swift */; };
		5BF44356236AA43B002527F5 /* SwipeViewController.swift in Sources */ = {isa = PBXBuildFile; fileRef = 5BF44355236AA43B002527F5 /* SwipeViewController.swift */; };
/* End PBXBuildFile section */

/* Begin PBXFileReference section */
		5BC1FC7E2366183400E59DCB /* SongViewController.swift */ = {isa = PBXFileReference; lastKnownFileType = sourcecode.swift; path = SongViewController.swift; sourceTree = "<group>"; };
		5BC4E6472368E496009FBC88 /* Page.swift */ = {isa = PBXFileReference; fileEncoding = 4; lastKnownFileType = sourcecode.swift; path = Page.swift; sourceTree = "<group>"; };
		5BE0F485235CEE440026B2DD /* BottomNavParWithCard.app */ = {isa = PBXFileReference; explicitFileType = wrapper.application; includeInIndex = 0; path = BottomNavParWithCard.app; sourceTree = BUILT_PRODUCTS_DIR; };
		5BE0F488235CEE440026B2DD /* AppDelegate.swift */ = {isa = PBXFileReference; lastKnownFileType = sourcecode.swift; path = AppDelegate.swift; sourceTree = "<group>"; };
		5BE0F48A235CEE440026B2DD /* SceneDelegate.swift */ = {isa = PBXFileReference; lastKnownFileType = sourcecode.swift; path = SceneDelegate.swift; sourceTree = "<group>"; };
		5BE0F48C235CEE440026B2DD /* MainViewController.swift */ = {isa = PBXFileReference; lastKnownFileType = sourcecode.swift; path = MainViewController.swift; sourceTree = "<group>"; };
		5BE0F491235CEE470026B2DD /* Assets.xcassets */ = {isa = PBXFileReference; lastKnownFileType = folder.assetcatalog; path = Assets.xcassets; sourceTree = "<group>"; };
		5BE0F494235CEE470026B2DD /* Base */ = {isa = PBXFileReference; lastKnownFileType = file.storyboard; name = Base; path = Base.lproj/LaunchScreen.storyboard; sourceTree = "<group>"; };
		5BE0F496235CEE470026B2DD /* Info.plist */ = {isa = PBXFileReference; lastKnownFileType = text.plist.xml; path = Info.plist; sourceTree = "<group>"; };
		5BE0F49C235CEF3E0026B2DD /* LibraryViewController.swift */ = {isa = PBXFileReference; lastKnownFileType = sourcecode.swift; path = LibraryViewController.swift; sourceTree = "<group>"; };
		5BE0F49E235CEF490026B2DD /* DiscoveryViewController.swift */ = {isa = PBXFileReference; lastKnownFileType = sourcecode.swift; path = DiscoveryViewController.swift; sourceTree = "<group>"; };
		5BE0F4A0235CF3E70026B2DD /* Song.swift */ = {isa = PBXFileReference; fileEncoding = 4; lastKnownFileType = sourcecode.swift; path = Song.swift; sourceTree = "<group>"; };
		5BE0F4A1235CF3E70026B2DD /* SongAPI.swift */ = {isa = PBXFileReference; fileEncoding = 4; lastKnownFileType = sourcecode.swift; path = SongAPI.swift; sourceTree = "<group>"; };
		5BE34F9E235D332D008B4587 /* SLOW DANCING IN THE DARK.mp3 */ = {isa = PBXFileReference; lastKnownFileType = audio.mp3; path = "SLOW DANCING IN THE DARK.mp3"; sourceTree = "<group>"; };
		5BE34F9F235D332D008B4587 /* HIGHEST IN THE ROOM.mp3 */ = {isa = PBXFileReference; lastKnownFileType = audio.mp3; path = "HIGHEST IN THE ROOM.mp3"; sourceTree = "<group>"; };
		5BE34FA0235D332E008B4587 /* Love You Too Late.mp3 */ = {isa = PBXFileReference; lastKnownFileType = audio.mp3; path = "Love You Too Late.mp3"; sourceTree = "<group>"; };
		5BF44353236AA160002527F5 /* PageView.swift */ = {isa = PBXFileReference; lastKnownFileType = sourcecode.swift; path = PageView.swift; sourceTree = "<group>"; };
		5BF44355236AA43B002527F5 /* SwipeViewController.swift */ = {isa = PBXFileReference; lastKnownFileType = sourcecode.swift; path = SwipeViewController.swift; sourceTree = "<group>"; };
/* End PBXFileReference section */

/* Begin PBXFrameworksBuildPhase section */
		5BE0F482235CEE440026B2DD /* Frameworks */ = {
			isa = PBXFrameworksBuildPhase;
			buildActionMask = 2147483647;
			files = (
			);
			runOnlyForDeploymentPostprocessing = 0;
		};
/* End PBXFrameworksBuildPhase section */

/* Begin PBXGroup section */
		5BE0F47C235CEE440026B2DD = {
			isa = PBXGroup;
			children = (
				5BE0F487235CEE440026B2DD /* BottomNavParWithCard */,
				5BE0F486235CEE440026B2DD /* Products */,
			);
			sourceTree = "<group>";
		};
		5BE0F486235CEE440026B2DD /* Products */ = {
			isa = PBXGroup;
			children = (
				5BE0F485235CEE440026B2DD /* BottomNavParWithCard.app */,
			);
			name = Products;
			sourceTree = "<group>";
		};
		5BE0F487235CEE440026B2DD /* BottomNavParWithCard */ = {
			isa = PBXGroup;
			children = (
				5BF44353236AA160002527F5 /* PageView.swift */,
				5BE34FA4235D334D008B4587 /* Songs */,
				5BE0F4A0235CF3E70026B2DD /* Song.swift */,
				5BC4E6472368E496009FBC88 /* Page.swift */,
				5BE0F4A1235CF3E70026B2DD /* SongAPI.swift */,
				5BE0F488235CEE440026B2DD /* AppDelegate.swift */,
				5BE0F48A235CEE440026B2DD /* SceneDelegate.swift */,
				5BE0F48C235CEE440026B2DD /* MainViewController.swift */,
				5BE0F491235CEE470026B2DD /* Assets.xcassets */,
				5BE0F493235CEE470026B2DD /* LaunchScreen.storyboard */,
				5BE0F496235CEE470026B2DD /* Info.plist */,
				5BE0F49C235CEF3E0026B2DD /* LibraryViewController.swift */,
				5BE0F49E235CEF490026B2DD /* DiscoveryViewController.swift */,
				5BF44355236AA43B002527F5 /* SwipeViewController.swift */,
				5BC1FC7E2366183400E59DCB /* SongViewController.swift */,
			);
			path = BottomNavParWithCard;
			sourceTree = "<group>";
		};
		5BE34FA4235D334D008B4587 /* Songs */ = {
			isa = PBXGroup;
			children = (
				5BE34F9F235D332D008B4587 /* HIGHEST IN THE ROOM.mp3 */,
				5BE34FA0235D332E008B4587 /* Love You Too Late.mp3 */,
				5BE34F9E235D332D008B4587 /* SLOW DANCING IN THE DARK.mp3 */,
			);
			path = Songs;
			sourceTree = "<group>";
		};
/* End PBXGroup section */

/* Begin PBXNativeTarget section */
		5BE0F484235CEE440026B2DD /* BottomNavParWithCard */ = {
			isa = PBXNativeTarget;
			buildConfigurationList = 5BE0F499235CEE470026B2DD /* Build configuration list for PBXNativeTarget "BottomNavParWithCard" */;
			buildPhases = (
				5BE0F481235CEE440026B2DD /* Sources */,
				5BE0F482235CEE440026B2DD /* Frameworks */,
				5BE0F483235CEE440026B2DD /* Resources */,
			);
			buildRules = (
			);
			dependencies = (
			);
			name = BottomNavParWithCard;
			productName = BottomNavParWithCard;
			productReference = 5BE0F485235CEE440026B2DD /* BottomNavParWithCard.app */;
			productType = "com.apple.product-type.application";
		};
/* End PBXNativeTarget section */

/* Begin PBXProject section */
		5BE0F47D235CEE440026B2DD /* Project object */ = {
			isa = PBXProject;
			attributes = {
				LastSwiftUpdateCheck = 1110;
				LastUpgradeCheck = 1110;
				ORGANIZATIONNAME = "Martin Kim";
				TargetAttributes = {
					5BE0F484235CEE440026B2DD = {
						CreatedOnToolsVersion = 11.1;
					};
				};
			};
			buildConfigurationList = 5BE0F480235CEE440026B2DD /* Build configuration list for PBXProject "BottomNavParWithCard" */;
			compatibilityVersion = "Xcode 9.3";
			developmentRegion = en;
			hasScannedForEncodings = 0;
			knownRegions = (
				en,
				Base,
			);
			mainGroup = 5BE0F47C235CEE440026B2DD;
			productRefGroup = 5BE0F486235CEE440026B2DD /* Products */;
			projectDirPath = "";
			projectRoot = "";
			targets = (
				5BE0F484235CEE440026B2DD /* BottomNavParWithCard */,
			);
		};
/* End PBXProject section */

/* Begin PBXResourcesBuildPhase section */
		5BE0F483235CEE440026B2DD /* Resources */ = {
			isa = PBXResourcesBuildPhase;
			buildActionMask = 2147483647;
			files = (
				5BE34FA1235D332E008B4587 /* SLOW DANCING IN THE DARK.mp3 in Resources */,
				5BE0F495235CEE470026B2DD /* LaunchScreen.storyboard in Resources */,
				5BE34FA3235D332E008B4587 /* Love You Too Late.mp3 in Resources */,
				5BE34FA2235D332E008B4587 /* HIGHEST IN THE ROOM.mp3 in Resources */,
				5BE0F492235CEE470026B2DD /* Assets.xcassets in Resources */,
			);
			runOnlyForDeploymentPostprocessing = 0;
		};
/* End PBXResourcesBuildPhase section */

/* Begin PBXSourcesBuildPhase section */
		5BE0F481235CEE440026B2DD /* Sources */ = {
			isa = PBXSourcesBuildPhase;
			buildActionMask = 2147483647;
			files = (
				5BE0F4A2235CF3E70026B2DD /* Song.swift in Sources */,
				5BC1FC7F2366183400E59DCB /* SongViewController.swift in Sources */,
				5BE0F48D235CEE440026B2DD /* MainViewController.swift in Sources */,
				5BC4E6482368E497009FBC88 /* Page.swift in Sources */,
				5BE0F489235CEE440026B2DD /* AppDelegate.swift in Sources */,
				5BE0F4A3235CF3E70026B2DD /* SongAPI.swift in Sources */,
				5BE0F49D235CEF3E0026B2DD /* LibraryViewController.swift in Sources */,
				5BF44354236AA160002527F5 /* PageView.swift in Sources */,
				5BE0F48B235CEE440026B2DD /* SceneDelegate.swift in Sources */,
				5BE0F49F235CEF490026B2DD /* DiscoveryViewController.swift in Sources */,
				5BF44356236AA43B002527F5 /* SwipeViewController.swift in Sources */,
			);
			runOnlyForDeploymentPostprocessing = 0;
		};
/* End PBXSourcesBuildPhase section */

/* Begin PBXVariantGroup section */
		5BE0F493235CEE470026B2DD /* LaunchScreen.storyboard */ = {
			isa = PBXVariantGroup;
			children = (
				5BE0F494235CEE470026B2DD /* Base */,
			);
			name = LaunchScreen.storyboard;
			sourceTree = "<group>";
		};
/* End PBXVariantGroup section */

/* Begin XCBuildConfiguration section */
		5BE0F497235CEE470026B2DD /* Debug */ = {
			isa = XCBuildConfiguration;
			buildSettings = {
				ALWAYS_SEARCH_USER_PATHS = NO;
				CLANG_ANALYZER_NONNULL = YES;
				CLANG_ANALYZER_NUMBER_OBJECT_CONVERSION = YES_AGGRESSIVE;
				CLANG_CXX_LANGUAGE_STANDARD = "gnu++14";
				CLANG_CXX_LIBRARY = "libc++";
				CLANG_ENABLE_MODULES = YES;
				CLANG_ENABLE_OBJC_ARC = YES;
				CLANG_ENABLE_OBJC_WEAK = YES;
				CLANG_WARN_BLOCK_CAPTURE_AUTORELEASING = YES;
				CLANG_WARN_BOOL_CONVERSION = YES;
				CLANG_WARN_COMMA = YES;
				CLANG_WARN_CONSTANT_CONVERSION = YES;
				CLANG_WARN_DEPRECATED_OBJC_IMPLEMENTATIONS = YES;
				CLANG_WARN_DIRECT_OBJC_ISA_USAGE = YES_ERROR;
				CLANG_WARN_DOCUMENTATION_COMMENTS = YES;
				CLANG_WARN_EMPTY_BODY = YES;
				CLANG_WARN_ENUM_CONVERSION = YES;
				CLANG_WARN_INFINITE_RECURSION = YES;
				CLANG_WARN_INT_CONVERSION = YES;
				CLANG_WARN_NON_LITERAL_NULL_CONVERSION = YES;
				CLANG_WARN_OBJC_IMPLICIT_RETAIN_SELF = YES;
				CLANG_WARN_OBJC_LITERAL_CONVERSION = YES;
				CLANG_WARN_OBJC_ROOT_CLASS = YES_ERROR;
				CLANG_WARN_RANGE_LOOP_ANALYSIS = YES;
				CLANG_WARN_STRICT_PROTOTYPES = YES;
				CLANG_WARN_SUSPICIOUS_MOVE = YES;
				CLANG_WARN_UNGUARDED_AVAILABILITY = YES_AGGRESSIVE;
				CLANG_WARN_UNREACHABLE_CODE = YES;
				CLANG_WARN__DUPLICATE_METHOD_MATCH = YES;
				COPY_PHASE_STRIP = NO;
				DEBUG_INFORMATION_FORMAT = dwarf;
				ENABLE_STRICT_OBJC_MSGSEND = YES;
				ENABLE_TESTABILITY = YES;
				GCC_C_LANGUAGE_STANDARD = gnu11;
				GCC_DYNAMIC_NO_PIC = NO;
				GCC_NO_COMMON_BLOCKS = YES;
				GCC_OPTIMIZATION_LEVEL = 0;
				GCC_PREPROCESSOR_DEFINITIONS = (
					"DEBUG=1",
					"$(inherited)",
				);
				GCC_WARN_64_TO_32_BIT_CONVERSION = YES;
				GCC_WARN_ABOUT_RETURN_TYPE = YES_ERROR;
				GCC_WARN_UNDECLARED_SELECTOR = YES;
				GCC_WARN_UNINITIALIZED_AUTOS = YES_AGGRESSIVE;
				GCC_WARN_UNUSED_FUNCTION = YES;
				GCC_WARN_UNUSED_VARIABLE = YES;
				IPHONEOS_DEPLOYMENT_TARGET = 13.1;
				MTL_ENABLE_DEBUG_INFO = INCLUDE_SOURCE;
				MTL_FAST_MATH = YES;
				ONLY_ACTIVE_ARCH = YES;
				SDKROOT = iphoneos;
				SWIFT_ACTIVE_COMPILATION_CONDITIONS = DEBUG;
				SWIFT_OPTIMIZATION_LEVEL = "-Onone";
			};
			name = Debug;
		};
		5BE0F498235CEE470026B2DD /* Release */ = {
			isa = XCBuildConfiguration;
			buildSettings = {
				ALWAYS_SEARCH_USER_PATHS = NO;
				CLANG_ANALYZER_NONNULL = YES;
				CLANG_ANALYZER_NUMBER_OBJECT_CONVERSION = YES_AGGRESSIVE;
				CLANG_CXX_LANGUAGE_STANDARD = "gnu++14";
				CLANG_CXX_LIBRARY = "libc++";
				CLANG_ENABLE_MODULES = YES;
				CLANG_ENABLE_OBJC_ARC = YES;
				CLANG_ENABLE_OBJC_WEAK = YES;
				CLANG_WARN_BLOCK_CAPTURE_AUTORELEASING = YES;
				CLANG_WARN_BOOL_CONVERSION = YES;
				CLANG_WARN_COMMA = YES;
				CLANG_WARN_CONSTANT_CONVERSION = YES;
				CLANG_WARN_DEPRECATED_OBJC_IMPLEMENTATIONS = YES;
				CLANG_WARN_DIRECT_OBJC_ISA_USAGE = YES_ERROR;
				CLANG_WARN_DOCUMENTATION_COMMENTS = YES;
				CLANG_WARN_EMPTY_BODY = YES;
				CLANG_WARN_ENUM_CONVERSION = YES;
				CLANG_WARN_INFINITE_RECURSION = YES;
				CLANG_WARN_INT_CONVERSION = YES;
				CLANG_WARN_NON_LITERAL_NULL_CONVERSION = YES;
				CLANG_WARN_OBJC_IMPLICIT_RETAIN_SELF = YES;
				CLANG_WARN_OBJC_LITERAL_CONVERSION = YES;
				CLANG_WARN_OBJC_ROOT_CLASS = YES_ERROR;
				CLANG_WARN_RANGE_LOOP_ANALYSIS = YES;
				CLANG_WARN_STRICT_PROTOTYPES = YES;
				CLANG_WARN_SUSPICIOUS_MOVE = YES;
				CLANG_WARN_UNGUARDED_AVAILABILITY = YES_AGGRESSIVE;
				CLANG_WARN_UNREACHABLE_CODE = YES;
				CLANG_WARN__DUPLICATE_METHOD_MATCH = YES;
				COPY_PHASE_STRIP = NO;
				DEBUG_INFORMATION_FORMAT = "dwarf-with-dsym";
				ENABLE_NS_ASSERTIONS = NO;
				ENABLE_STRICT_OBJC_MSGSEND = YES;
				GCC_C_LANGUAGE_STANDARD = gnu11;
				GCC_NO_COMMON_BLOCKS = YES;
				GCC_WARN_64_TO_32_BIT_CONVERSION = YES;
				GCC_WARN_ABOUT_RETURN_TYPE = YES_ERROR;
				GCC_WARN_UNDECLARED_SELECTOR = YES;
				GCC_WARN_UNINITIALIZED_AUTOS = YES_AGGRESSIVE;
				GCC_WARN_UNUSED_FUNCTION = YES;
				GCC_WARN_UNUSED_VARIABLE = YES;
				IPHONEOS_DEPLOYMENT_TARGET = 13.1;
				MTL_ENABLE_DEBUG_INFO = NO;
				MTL_FAST_MATH = YES;
				SDKROOT = iphoneos;
				SWIFT_COMPILATION_MODE = wholemodule;
				SWIFT_OPTIMIZATION_LEVEL = "-O";
				VALIDATE_PRODUCT = YES;
			};
			name = Release;
		};
		5BE0F49A235CEE470026B2DD /* Debug */ = {
			isa = XCBuildConfiguration;
			buildSettings = {
				ASSETCATALOG_COMPILER_APPICON_NAME = AppIcon;
				CODE_SIGN_STYLE = Automatic;
				DEVELOPMENT_TEAM = 2P387MRC6Y;
				INFOPLIST_FILE = BottomNavParWithCard/Info.plist;
				LD_RUNPATH_SEARCH_PATHS = (
					"$(inherited)",
					"@executable_path/Frameworks",
				);
				PRODUCT_BUNDLE_IDENTIFIER = com.MartinKim.BottomNavParWithCard;
				PRODUCT_NAME = "$(TARGET_NAME)";
				SWIFT_VERSION = 5.0;
				TARGETED_DEVICE_FAMILY = "1,2";
			};
			name = Debug;
		};
		5BE0F49B235CEE470026B2DD /* Release */ = {
			isa = XCBuildConfiguration;
			buildSettings = {
				ASSETCATALOG_COMPILER_APPICON_NAME = AppIcon;
				CODE_SIGN_STYLE = Automatic;
				DEVELOPMENT_TEAM = 2P387MRC6Y;
				INFOPLIST_FILE = BottomNavParWithCard/Info.plist;
				LD_RUNPATH_SEARCH_PATHS = (
					"$(inherited)",
					"@executable_path/Frameworks",
				);
				PRODUCT_BUNDLE_IDENTIFIER = com.MartinKim.BottomNavParWithCard;
				PRODUCT_NAME = "$(TARGET_NAME)";
				SWIFT_VERSION = 5.0;
				TARGETED_DEVICE_FAMILY = "1,2";
			};
			name = Release;
		};
/* End XCBuildConfiguration section */

/* Begin XCConfigurationList section */
		5BE0F480235CEE440026B2DD /* Build configuration list for PBXProject "BottomNavParWithCard" */ = {
			isa = XCConfigurationList;
			buildConfigurations = (
				5BE0F497235CEE470026B2DD /* Debug */,
				5BE0F498235CEE470026B2DD /* Release */,
			);
			defaultConfigurationIsVisible = 0;
			defaultConfigurationName = Release;
		};
		5BE0F499235CEE470026B2DD /* Build configuration list for PBXNativeTarget "BottomNavParWithCard" */ = {
			isa = XCConfigurationList;
			buildConfigurations = (
				5BE0F49A235CEE470026B2DD /* Debug */,
				5BE0F49B235CEE470026B2DD /* Release */,
			);
			defaultConfigurationIsVisible = 0;
			defaultConfigurationName = Release;
		};
/* End XCConfigurationList section */
	};
	rootObject = 5BE0F47D235CEE440026B2DD /* Project object */;
}
